
Microsoft Visual Studio Solution File, Format Version 12.00
# Visual Studio Version 18
VisualStudioVersion = 18.1.11312.151 d18.0
MinimumVisualStudioVersion = 10.0.40219.1
Project("{FAE04EC0-301F-11D3-BF4B-00C04F79EFBC}") = "GetDataFromTaxCodeApi", "GetDataFromTaxCodeApi\GetDataFromTaxCodeApi.csproj", "{E79ED8AA-7422-4466-AE17-85784676D71B}"
EndProject
Global
	GlobalSection(SolutionConfigurationPlatforms) = preSolution
		Debug|Any CPU = Debug|Any CPU
		Release|Any CPU = Release|Any CPU
	EndGlobalSection
	GlobalSection(ProjectConfigurationPlatforms) = postSolution
		{E79ED8AA-7422-4466-AE17-85784676D71B}.Debug|Any CPU.ActiveCfg = Debug|Any CPU
		{E79ED8AA-7422-4466-AE17-85784676D71B}.Debug|Any CPU.Build.0 = Debug|Any CPU
		{E79ED8AA-7422-4466-AE17-85784676D71B}.Release|Any CPU.ActiveCfg = Release|Any CPU
		{E79ED8AA-7422-4466-AE17-85784676D71B}.Release|Any CPU.Build.0 = Release|Any CPU
	EndGlobalSection
	GlobalSection(SolutionProperties) = preSolution
		HideSolutionNode = FALSE
	EndGlobalSection
	GlobalSection(ExtensibilityGlobals) = postSolution
		SolutionGuid = {5D892306-B38C-470C-9C9F-19BC012C2B75}
	EndGlobalSection
EndGlobal
